
Microsoft Visual Studio Solution File, Format Version 12.00
# Visual Studio Version 17
VisualStudioVersion = 17.12.35707.178
MinimumVisualStudioVersion = 10.0.40219.1
Project("{FAE04EC0-301F-11D3-BF4B-00C04F79EFBC}") = "Distributed_System_From_Scratch", "Distribute_System_From_Scratch\Distributed_System_From_Scratch.csproj", "{DC48B595-A0BE-4033-A7A2-61C3BCC09EDD}"
EndProject
Project("{E53339B2-1760-4266-BCC7-CA923CBCF16C}") = "docker-compose", "docker-compose.dcproj", "{599A6569-C58F-4E23-8560-A482913E2604}"
EndProject
Project("{2150E333-8FDC-42A3-9474-1A3956D46DE8}") = "Data", "Data", "{C7E6550F-6CAB-42BA-99BC-E3008F782985}"
EndProject
Global
	GlobalSection(SolutionConfigurationPlatforms) = preSolution
		Debug|Any CPU = Debug|Any CPU
		Release|Any CPU = Release|Any CPU
	EndGlobalSection
	GlobalSection(ProjectConfigurationPlatforms) = postSolution
		{DC48B595-A0BE-4033-A7A2-61C3BCC09EDD}.Debug|Any CPU.ActiveCfg = Debug|Any CPU
		{DC48B595-A0BE-4033-A7A2-61C3BCC09EDD}.Debug|Any CPU.Build.0 = Debug|Any CPU
		{DC48B595-A0BE-4033-A7A2-61C3BCC09EDD}.Release|Any CPU.ActiveCfg = Release|Any CPU
		{DC48B595-A0BE-4033-A7A2-61C3BCC09EDD}.Release|Any CPU.Build.0 = Release|Any CPU
		{599A6569-C58F-4E23-8560-A482913E2604}.Debug|Any CPU.ActiveCfg = Debug|Any CPU
		{599A6569-C58F-4E23-8560-A482913E2604}.Debug|Any CPU.Build.0 = Debug|Any CPU
		{599A6569-C58F-4E23-8560-A482913E2604}.Release|Any CPU.ActiveCfg = Release|Any CPU
		{599A6569-C58F-4E23-8560-A482913E2604}.Release|Any CPU.Build.0 = Release|Any CPU
	EndGlobalSection
	GlobalSection(SolutionProperties) = preSolution
		HideSolutionNode = FALSE
	EndGlobalSection
EndGlobal
