
Microsoft Visual Studio Solution File, Format Version 12.00
# Visual Studio Version 17
VisualStudioVersion = 17.14.36915.13
MinimumVisualStudioVersion = 10.0.40219.1
Project("{E53339B2-1760-4266-BCC7-CA923CBCF16C}") = "docker-compose", "docker-compose.dcproj", "{81DDED9D-158B-E303-5F62-77A2896D2A5A}"
EndProject
Project("{FAE04EC0-301F-11D3-BF4B-00C04F79EFBC}") = "Shared", "Shared\Shared.csproj", "{39219FAE-AFDB-4FAF-97EB-132AD0D64EEE}"
EndProject
Project("{FAE04EC0-301F-11D3-BF4B-00C04F79EFBC}") = "Worker_Node", "Worker_Node\Worker_Node.csproj", "{F2977068-B130-82C5-5F2B-E1C46437C168}"
EndProject
Project("{FAE04EC0-301F-11D3-BF4B-00C04F79EFBC}") = "Data", "Data\Data.csproj", "{E53AEE19-8165-41CD-91E3-7CF8E395AFEE}"
EndProject
Project("{FAE04EC0-301F-11D3-BF4B-00C04F79EFBC}") = "Controllers", "Controllers\Controllers.csproj", "{25C8D45D-B438-44C0-BAF3-4F0C9C7CFE31}"
EndProject
Project("{FAE04EC0-301F-11D3-BF4B-00C04F79EFBC}") = "Relay", "Relay\Relay.csproj", "{4B7BF330-7A51-4C08-A2A2-0AFD3467F7A6}"
EndProject
Global
	GlobalSection(SolutionConfigurationPlatforms) = preSolution
		Debug|Any CPU = Debug|Any CPU
		Release|Any CPU = Release|Any CPU
	EndGlobalSection
	GlobalSection(ProjectConfigurationPlatforms) = postSolution
		{81DDED9D-158B-E303-5F62-77A2896D2A5A}.Debug|Any CPU.ActiveCfg = Debug|Any CPU
		{81DDED9D-158B-E303-5F62-77A2896D2A5A}.Debug|Any CPU.Build.0 = Debug|Any CPU
		{81DDED9D-158B-E303-5F62-77A2896D2A5A}.Release|Any CPU.ActiveCfg = Release|Any CPU
		{81DDED9D-158B-E303-5F62-77A2896D2A5A}.Release|Any CPU.Build.0 = Release|Any CPU
		{39219FAE-AFDB-4FAF-97EB-132AD0D64EEE}.Debug|Any CPU.ActiveCfg = Debug|Any CPU
		{39219FAE-AFDB-4FAF-97EB-132AD0D64EEE}.Debug|Any CPU.Build.0 = Debug|Any CPU
		{39219FAE-AFDB-4FAF-97EB-132AD0D64EEE}.Release|Any CPU.ActiveCfg = Release|Any CPU
		{39219FAE-AFDB-4FAF-97EB-132AD0D64EEE}.Release|Any CPU.Build.0 = Release|Any CPU
		{F2977068-B130-82C5-5F2B-E1C46437C168}.Debug|Any CPU.ActiveCfg = Debug|Any CPU
		{F2977068-B130-82C5-5F2B-E1C46437C168}.Debug|Any CPU.Build.0 = Debug|Any CPU
		{F2977068-B130-82C5-5F2B-E1C46437C168}.Release|Any CPU.ActiveCfg = Release|Any CPU
		{F2977068-B130-82C5-5F2B-E1C46437C168}.Release|Any CPU.Build.0 = Release|Any CPU
		{E53AEE19-8165-41CD-91E3-7CF8E395AFEE}.Debug|Any CPU.ActiveCfg = Debug|Any CPU
		{E53AEE19-8165-41CD-91E3-7CF8E395AFEE}.Debug|Any CPU.Build.0 = Debug|Any CPU
		{E53AEE19-8165-41CD-91E3-7CF8E395AFEE}.Release|Any CPU.ActiveCfg = Release|Any CPU
		{E53AEE19-8165-41CD-91E3-7CF8E395AFEE}.Release|Any CPU.Build.0 = Release|Any CPU
		{25C8D45D-B438-44C0-BAF3-4F0C9C7CFE31}.Debug|Any CPU.ActiveCfg = Debug|Any CPU
		{25C8D45D-B438-44C0-BAF3-4F0C9C7CFE31}.Debug|Any CPU.Build.0 = Debug|Any CPU
		{25C8D45D-B438-44C0-BAF3-4F0C9C7CFE31}.Release|Any CPU.ActiveCfg = Release|Any CPU
		{25C8D45D-B438-44C0-BAF3-4F0C9C7CFE31}.Release|Any CPU.Build.0 = Release|Any CPU
		{4B7BF330-7A51-4C08-A2A2-0AFD3467F7A6}.Debug|Any CPU.ActiveCfg = Debug|Any CPU
		{4B7BF330-7A51-4C08-A2A2-0AFD3467F7A6}.Debug|Any CPU.Build.0 = Debug|Any CPU
		{4B7BF330-7A51-4C08-A2A2-0AFD3467F7A6}.Release|Any CPU.ActiveCfg = Release|Any CPU
		{4B7BF330-7A51-4C08-A2A2-0AFD3467F7A6}.Release|Any CPU.Build.0 = Release|Any CPU
	EndGlobalSection
	GlobalSection(SolutionProperties) = preSolution
		HideSolutionNode = FALSE
	EndGlobalSection
	GlobalSection(ExtensibilityGlobals) = postSolution
		SolutionGuid = {604AE3FA-3C36-435B-AADE-EBD5FE0526D1}
	EndGlobalSection
EndGlobal
